PODS:
  - ALAccordion (0.1.0)
  - Nimble (0.4.2)
  - Quick (0.3.1)

DEPENDENCIES:
  - ALAccordion (from `../`)
  - Nimble (~> 0.4.2)
  - Quick (~> 0.3.1)

EXTERNAL SOURCES:
  ALAccordion:
    :path: "../"

SPEC CHECKSUMS:
  ALAccordion: f37a1fe02fb34929531b9380ff00f38ad366202c
  Nimble: 49b7a7da8919f42823d37c6d68cc6d15a7009f32
  Quick: 824572d3d198d51e52cf4aa722cebf7e59952a35

COCOAPODS: 0.37.0.beta.1
