PODS:
  - ALAccordion (0.3.0)
  - Nimble (3.0.0)
  - Quick (0.8.0)

DEPENDENCIES:
  - ALAccordion (from `../`)
  - Nimble (~> 3.0.0)
  - Quick (~> 0.8.0)

EXTERNAL SOURCES:
  ALAccordion:
    :path: "../"

SPEC CHECKSUMS:
  ALAccordion: a34f236b51603ab0385516289d91bd19d16fb338
  Nimble: 4c353d43735b38b545cbb4cb91504588eb5de926
  Quick: 563d0f6ec5f72e394645adb377708639b7dd38ab

COCOAPODS: 0.39.0
