// !$*UTF8*$!
{
	archiveVersion = 1;
	classes = {
	};
	objectVersion = 46;
	objects = {

/* Begin PBXBuildFile section */
		22295CCC1AEE2C8D006883F4 /* UIViewController+ALAccordionSpec.swift in Sources */ = {isa = PBXBuildFile; fileRef = 22295CCB1AEE2C8D006883F4 /* UIViewController+ALAccordionSpec.swift */; };
		22295CD11AEE33A7006883F4 /* ALTestSectionViewController.swift in Sources */ = {isa = PBXBuildFile; fileRef = 22295CD01AEE33A7006883F4 /* ALTestSectionViewController.swift */; };
		223B20981BA9A23F008FCF54 /* Launch.storyboard in Resources */ = {isa = PBXBuildFile; fileRef = 223B20971BA9A23F008FCF54 /* Launch.storyboard */; settings = {ASSET_TAGS = (); }; };
		22605BB01AE2294800B716DE /* ALSingleLineHeaderView.swift in Sources */ = {isa = PBXBuildFile; fileRef = 22605BAF1AE2294800B716DE /* ALSingleLineHeaderView.swift */; };
		22605BB21AE2420100B716DE /* ALExpandingHeaderView.swift in Sources */ = {isa = PBXBuildFile; fileRef = 22605BB11AE2420100B716DE /* ALExpandingHeaderView.swift */; };
		2283B0271ADC0D40001DC8BD /* Main.storyboard in Resources */ = {isa = PBXBuildFile; fileRef = 2283B0261ADC0D40001DC8BD /* Main.storyboard */; };
		22891FA71AEE9B5E00CE420B /* ALAccordionControllerSpec.swift in Sources */ = {isa = PBXBuildFile; fileRef = 22891FA61AEE9B5E00CE420B /* ALAccordionControllerSpec.swift */; };
		22B7E6711AD7F23400C6A91F /* ALFirstSectionViewController.swift in Sources */ = {isa = PBXBuildFile; fileRef = 22B7E6701AD7F23400C6A91F /* ALFirstSectionViewController.swift */; };
		22B7E6731AD7F26000C6A91F /* ALAppDelegate.swift in Sources */ = {isa = PBXBuildFile; fileRef = 22B7E6721AD7F26000C6A91F /* ALAppDelegate.swift */; };
		22B7E6771AD7FEF400C6A91F /* ALHomeViewController.swift in Sources */ = {isa = PBXBuildFile; fileRef = 22B7E6761AD7FEF400C6A91F /* ALHomeViewController.swift */; };
		22B7E6791AD7FF1600C6A91F /* ALSecondSectionViewController.swift in Sources */ = {isa = PBXBuildFile; fileRef = 22B7E6781AD7FF1600C6A91F /* ALSecondSectionViewController.swift */; };
		22BA439E1AE6A7B400BFF762 /* ALDoubleLineHeaderView.swift in Sources */ = {isa = PBXBuildFile; fileRef = 22BA439D1AE6A7B400BFF762 /* ALDoubleLineHeaderView.swift */; };
		22DE7A7D1AE58C62002DE938 /* ALSeparatorView.swift in Sources */ = {isa = PBXBuildFile; fileRef = 22DE7A7C1AE58C62002DE938 /* ALSeparatorView.swift */; };
		22DE7A7F1AE59B2E002DE938 /* ALThirdSectionTableViewController.swift in Sources */ = {isa = PBXBuildFile; fileRef = 22DE7A7E1AE59B2E002DE938 /* ALThirdSectionTableViewController.swift */; };
		23FC09847B7B2A778006D11F /* Pods_ALAccordion_Tests.framework in Frameworks */ = {isa = PBXBuildFile; fileRef = 9A937A4D4918C5FB5B0AB6F8 /* Pods_ALAccordion_Tests.framework */; settings = {ATTRIBUTES = (Weak, ); }; };
		6003F58E195388D20070C39A /* Foundation.framework in Frameworks */ = {isa = PBXBuildFile; fileRef = 6003F58D195388D20070C39A /* Foundation.framework */; };
		6003F590195388D20070C39A /* CoreGraphics.framework in Frameworks */ = {isa = PBXBuildFile; fileRef = 6003F58F195388D20070C39A /* CoreGraphics.framework */; };
		6003F592195388D20070C39A /* UIKit.framework in Frameworks */ = {isa = PBXBuildFile; fileRef = 6003F591195388D20070C39A /* UIKit.framework */; };
		6003F5A9195388D20070C39A /* Images.xcassets in Resources */ = {isa = PBXBuildFile; fileRef = 6003F5A8195388D20070C39A /* Images.xcassets */; };
		98CFBD8439202A21E2D91406 /* Pods.framework in Frameworks */ = {isa = PBXBuildFile; fileRef = E4BB54164E05181E26A0DC86 /* Pods.framework */; settings = {ATTRIBUTES = (Weak, ); }; };
		9AA699E49595C790D71AF402 /* Pods_ALAccordion_Example.framework in Frameworks */ = {isa = PBXBuildFile; fileRef = F1C9AA2A438333D8B0F82E40 /* Pods_ALAccordion_Example.framework */; settings = {ATTRIBUTES = (Weak, ); }; };
/* End PBXBuildFile section */

/* Begin PBXContainerItemProxy section */
		22295CC61AED7F5D006883F4 /* PBXContainerItemProxy */ = {
			isa = PBXContainerItemProxy;
			containerPortal = 6003F582195388D10070C39A /* Project object */;
			proxyType = 1;
			remoteGlobalIDString = 6003F589195388D20070C39A;
			remoteInfo = "ALAccordion Example";
		};
/* End PBXContainerItemProxy section */

/* Begin PBXFileReference section */
		1A476FE4DCC69DC1499F0D31 /* Pods.release.xcconfig */ = {isa = PBXFileReference; includeInIndex = 1; lastKnownFileType = text.xcconfig; name = Pods.release.xcconfig; path = "Pods/Target Support Files/Pods/Pods.release.xcconfig"; sourceTree = "<group>"; };
		22295CC01AED7F5D006883F4 /* ALAccordion Tests.xctest */ = {isa = PBXFileReference; explicitFileType = wrapper.cfbundle; includeInIndex = 0; path = "ALAccordion Tests.xctest"; sourceTree = BUILT_PRODUCTS_DIR; };
		22295CC31AED7F5D006883F4 /* Info.plist */ = {isa = PBXFileReference; lastKnownFileType = text.plist.xml; path = Info.plist; sourceTree = "<group>"; };
		22295CCB1AEE2C8D006883F4 /* UIViewController+ALAccordionSpec.swift */ = {isa = PBXFileReference; fileEncoding = 4; lastKnownFileType = sourcecode.swift; path = "UIViewController+ALAccordionSpec.swift"; sourceTree = "<group>"; };
		22295CD01AEE33A7006883F4 /* ALTestSectionViewController.swift */ = {isa = PBXFileReference; fileEncoding = 4; lastKnownFileType = sourcecode.swift; path = ALTestSectionViewController.swift; sourceTree = "<group>"; };
		223B20971BA9A23F008FCF54 /* Launch.storyboard */ = {isa = PBXFileReference; fileEncoding = 4; lastKnownFileType = file.storyboard; path = Launch.storyboard; sourceTree = "<group>"; };
		22605BAF1AE2294800B716DE /* ALSingleLineHeaderView.swift */ = {isa = PBXFileReference; fileEncoding = 4; lastKnownFileType = sourcecode.swift; path = ALSingleLineHeaderView.swift; sourceTree = "<group>"; };
		22605BB11AE2420100B716DE /* ALExpandingHeaderView.swift */ = {isa = PBXFileReference; fileEncoding = 4; lastKnownFileType = sourcecode.swift; path = ALExpandingHeaderView.swift; sourceTree = "<group>"; };
		2283B0261ADC0D40001DC8BD /* Main.storyboard */ = {isa = PBXFileReference; fileEncoding = 4; lastKnownFileType = file.storyboard; path = Main.storyboard; sourceTree = "<group>"; };
		22891FA61AEE9B5E00CE420B /* ALAccordionControllerSpec.swift */ = {isa = PBXFileReference; fileEncoding = 4; lastKnownFileType = sourcecode.swift; path = ALAccordionControllerSpec.swift; sourceTree = "<group>"; };
		22B7E6701AD7F23400C6A91F /* ALFirstSectionViewController.swift */ = {isa = PBXFileReference; fileEncoding = 4; lastKnownFileType = sourcecode.swift; path = ALFirstSectionViewController.swift; sourceTree = "<group>"; };
		22B7E6721AD7F26000C6A91F /* ALAppDelegate.swift */ = {isa = PBXFileReference; fileEncoding = 4; lastKnownFileType = sourcecode.swift; path = ALAppDelegate.swift; sourceTree = "<group>"; };
		22B7E6761AD7FEF400C6A91F /* ALHomeViewController.swift */ = {isa = PBXFileReference; fileEncoding = 4; lastKnownFileType = sourcecode.swift; path = ALHomeViewController.swift; sourceTree = "<group>"; };
		22B7E6781AD7FF1600C6A91F /* ALSecondSectionViewController.swift */ = {isa = PBXFileReference; fileEncoding = 4; lastKnownFileType = sourcecode.swift; path = ALSecondSectionViewController.swift; sourceTree = "<group>"; };
		22BA439D1AE6A7B400BFF762 /* ALDoubleLineHeaderView.swift */ = {isa = PBXFileReference; fileEncoding = 4; lastKnownFileType = sourcecode.swift; path = ALDoubleLineHeaderView.swift; sourceTree = "<group>"; };
		22DE7A7C1AE58C62002DE938 /* ALSeparatorView.swift */ = {isa = PBXFileReference; fileEncoding = 4; lastKnownFileType = sourcecode.swift; path = ALSeparatorView.swift; sourceTree = "<group>"; };
		22DE7A7E1AE59B2E002DE938 /* ALThirdSectionTableViewController.swift */ = {isa = PBXFileReference; fileEncoding = 4; lastKnownFileType = sourcecode.swift; path = ALThirdSectionTableViewController.swift; sourceTree = "<group>"; };
		2F0C94D4F691ED9F7C9E7FD4 /* Pods.debug.xcconfig */ = {isa = PBXFileReference; includeInIndex = 1; lastKnownFileType = text.xcconfig; name = Pods.debug.xcconfig; path = "Pods/Target Support Files/Pods/Pods.debug.xcconfig"; sourceTree = "<group>"; };
		5D21DC7359A77B73D450E0C9 /* Pods-ALAccordion Tests.debug.xcconfig */ = {isa = PBXFileReference; includeInIndex = 1; lastKnownFileType = text.xcconfig; name = "Pods-ALAccordion Tests.debug.xcconfig"; path = "Pods/Target Support Files/Pods-ALAccordion Tests/Pods-ALAccordion Tests.debug.xcconfig"; sourceTree = "<group>"; };
		6003F58A195388D20070C39A /* ALAccordion Example.app */ = {isa = PBXFileReference; explicitFileType = wrapper.application; includeInIndex = 0; path = "ALAccordion Example.app"; sourceTree = BUILT_PRODUCTS_DIR; };
		6003F58D195388D20070C39A /* Foundation.framework */ = {isa = PBXFileReference; lastKnownFileType = wrapper.framework; name = Foundation.framework; path = System/Library/Frameworks/Foundation.framework; sourceTree = SDKROOT; };
		6003F58F195388D20070C39A /* CoreGraphics.framework */ = {isa = PBXFileReference; lastKnownFileType = wrapper.framework; name = CoreGraphics.framework; path = System/Library/Frameworks/CoreGraphics.framework; sourceTree = SDKROOT; };
		6003F591195388D20070C39A /* UIKit.framework */ = {isa = PBXFileReference; lastKnownFileType = wrapper.framework; name = UIKit.framework; path = System/Library/Frameworks/UIKit.framework; sourceTree = SDKROOT; };
		6003F595195388D20070C39A /* Info.plist */ = {isa = PBXFileReference; lastKnownFileType = text.plist.xml; path = Info.plist; sourceTree = "<group>"; };
		6003F5A8195388D20070C39A /* Images.xcassets */ = {isa = PBXFileReference; lastKnownFileType = folder.assetcatalog; path = Images.xcassets; sourceTree = "<group>"; };
		730E48880C8AEA8184E6C07B /* README.md */ = {isa = PBXFileReference; includeInIndex = 1; lastKnownFileType = net.daringfireball.markdown; name = README.md; path = ../README.md; sourceTree = "<group>"; };
		9A937A4D4918C5FB5B0AB6F8 /* Pods_ALAccordion_Tests.framework */ = {isa = PBXFileReference; explicitFileType = wrapper.framework; includeInIndex = 0; path = Pods_ALAccordion_Tests.framework; sourceTree = BUILT_PRODUCTS_DIR; };
		AFC3854F584500447AB3F339 /* Pods-ALAccordion Example.release.xcconfig */ = {isa = PBXFileReference; includeInIndex = 1; lastKnownFileType = text.xcconfig; name = "Pods-ALAccordion Example.release.xcconfig"; path = "Pods/Target Support Files/Pods-ALAccordion Example/Pods-ALAccordion Example.release.xcconfig"; sourceTree = "<group>"; };
		C1230D58B54EFBEC84AC6614 /* Pods-ALAccordion Example.debug.xcconfig */ = {isa = PBXFileReference; includeInIndex = 1; lastKnownFileType = text.xcconfig; name = "Pods-ALAccordion Example.debug.xcconfig"; path = "Pods/Target Support Files/Pods-ALAccordion Example/Pods-ALAccordion Example.debug.xcconfig"; sourceTree = "<group>"; };
		C20EB39164800EB28E2E50B3 /* Pods-ALAccordion Tests.release.xcconfig */ = {isa = PBXFileReference; includeInIndex = 1; lastKnownFileType = text.xcconfig; name = "Pods-ALAccordion Tests.release.xcconfig"; path = "Pods/Target Support Files/Pods-ALAccordion Tests/Pods-ALAccordion Tests.release.xcconfig"; sourceTree = "<group>"; };
		D10922F640E1E6305135C247 /* ALAccordion.podspec */ = {isa = PBXFileReference; includeInIndex = 1; lastKnownFileType = text; name = ALAccordion.podspec; path = ../ALAccordion.podspec; sourceTree = "<group>"; };
		E4BB54164E05181E26A0DC86 /* Pods.framework */ = {isa = PBXFileReference; explicitFileType = wrapper.framework; includeInIndex = 0; path = Pods.framework; sourceTree = BUILT_PRODUCTS_DIR; };
		EE41EB9ABEC2255E63CBBE0B /* LICENSE */ = {isa = PBXFileReference; includeInIndex = 1; lastKnownFileType = text; name = LICENSE; path = ../LICENSE; sourceTree = "<group>"; };
		F1C9AA2A438333D8B0F82E40 /* Pods_ALAccordion_Example.framework */ = {isa = PBXFileReference; explicitFileType = wrapper.framework; includeInIndex = 0; path = Pods_ALAccordion_Example.framework; sourceTree = BUILT_PRODUCTS_DIR; };
/* End PBXFileReference section */

/* Begin PBXFrameworksBuildPhase section */
		22295CBD1AED7F5D006883F4 /* Frameworks */ = {
			isa = PBXFrameworksBuildPhase;
			buildActionMask = 2147483647;
			files = (
				23FC09847B7B2A778006D11F /* Pods_ALAccordion_Tests.framework in Frameworks */,
			);
			runOnlyForDeploymentPostprocessing = 0;
		};
		6003F587195388D20070C39A /* Frameworks */ = {
			isa = PBXFrameworksBuildPhase;
			buildActionMask = 2147483647;
			files = (
				6003F590195388D20070C39A /* CoreGraphics.framework in Frameworks */,
				6003F592195388D20070C39A /* UIKit.framework in Frameworks */,
				6003F58E195388D20070C39A /* Foundation.framework in Frameworks */,
				9AA699E49595C790D71AF402 /* Pods_ALAccordion_Example.framework in Frameworks */,
				98CFBD8439202A21E2D91406 /* Pods.framework in Frameworks */,
			);
			runOnlyForDeploymentPostprocessing = 0;
		};
/* End PBXFrameworksBuildPhase section */

/* Begin PBXGroup section */
		22295CC11AED7F5D006883F4 /* ALAccordion Tests */ = {
			isa = PBXGroup;
			children = (
				22295CCF1AEE3388006883F4 /* Models */,
				22295CCE1AEE337B006883F4 /* Specs */,
				22295CC21AED7F5D006883F4 /* Supporting Files */,
			);
			path = "ALAccordion Tests";
			sourceTree = "<group>";
		};
		22295CC21AED7F5D006883F4 /* Supporting Files */ = {
			isa = PBXGroup;
			children = (
				22295CC31AED7F5D006883F4 /* Info.plist */,
			);
			name = "Supporting Files";
			sourceTree = "<group>";
		};
		22295CCE1AEE337B006883F4 /* Specs */ = {
			isa = PBXGroup;
			children = (
				22295CCB1AEE2C8D006883F4 /* UIViewController+ALAccordionSpec.swift */,
				22891FA61AEE9B5E00CE420B /* ALAccordionControllerSpec.swift */,
			);
			name = Specs;
			sourceTree = "<group>";
		};
		22295CCF1AEE3388006883F4 /* Models */ = {
			isa = PBXGroup;
			children = (
				22295CD01AEE33A7006883F4 /* ALTestSectionViewController.swift */,
			);
			name = Models;
			sourceTree = "<group>";
		};
		22B7E66F1AD7F18400C6A91F /* Controllers */ = {
			isa = PBXGroup;
			children = (
				22B7E6761AD7FEF400C6A91F /* ALHomeViewController.swift */,
				22B7E6701AD7F23400C6A91F /* ALFirstSectionViewController.swift */,
				22B7E6781AD7FF1600C6A91F /* ALSecondSectionViewController.swift */,
				22DE7A7E1AE59B2E002DE938 /* ALThirdSectionTableViewController.swift */,
			);
			path = Controllers;
			sourceTree = "<group>";
		};
		22B7E6751AD7F2E000C6A91F /* Views */ = {
			isa = PBXGroup;
			children = (
				22B7E67C1AD81E0D00C6A91F /* Headers */,
				22DE7A7C1AE58C62002DE938 /* ALSeparatorView.swift */,
			);
			path = Views;
			sourceTree = "<group>";
		};
		22B7E67C1AD81E0D00C6A91F /* Headers */ = {
			isa = PBXGroup;
			children = (
				22605BAF1AE2294800B716DE /* ALSingleLineHeaderView.swift */,
				22BA439D1AE6A7B400BFF762 /* ALDoubleLineHeaderView.swift */,
				22605BB11AE2420100B716DE /* ALExpandingHeaderView.swift */,
			);
			path = Headers;
			sourceTree = "<group>";
		};
		22BA439F1AE6FDC900BFF762 /* Resources */ = {
			isa = PBXGroup;
			children = (
				2283B0261ADC0D40001DC8BD /* Main.storyboard */,
				223B20971BA9A23F008FCF54 /* Launch.storyboard */,
				6003F5A8195388D20070C39A /* Images.xcassets */,
			);
			path = Resources;
			sourceTree = "<group>";
		};
		6003F581195388D10070C39A = {
			isa = PBXGroup;
			children = (
				60FF7A9C1954A5C5007DD14C /* Podspec Metadata */,
				6003F593195388D20070C39A /* ALAccordion Example */,
				22295CC11AED7F5D006883F4 /* ALAccordion Tests */,
				6003F58C195388D20070C39A /* Frameworks */,
				6003F58B195388D20070C39A /* Products */,
				922EA32C0E190B844DDCCBD0 /* Pods */,
			);
			sourceTree = "<group>";
		};
		6003F58B195388D20070C39A /* Products */ = {
			isa = PBXGroup;
			children = (
				6003F58A195388D20070C39A /* ALAccordion Example.app */,
				22295CC01AED7F5D006883F4 /* ALAccordion Tests.xctest */,
			);
			name = Products;
			sourceTree = "<group>";
		};
		6003F58C195388D20070C39A /* Frameworks */ = {
			isa = PBXGroup;
			children = (
				6003F58D195388D20070C39A /* Foundation.framework */,
				6003F58F195388D20070C39A /* CoreGraphics.framework */,
				6003F591195388D20070C39A /* UIKit.framework */,
				F1C9AA2A438333D8B0F82E40 /* Pods_ALAccordion_Example.framework */,
				E4BB54164E05181E26A0DC86 /* Pods.framework */,
				9A937A4D4918C5FB5B0AB6F8 /* Pods_ALAccordion_Tests.framework */,
			);
			name = Frameworks;
			sourceTree = "<group>";
		};
		6003F593195388D20070C39A /* ALAccordion Example */ = {
			isa = PBXGroup;
			children = (
				22B7E6721AD7F26000C6A91F /* ALAppDelegate.swift */,
				22B7E66F1AD7F18400C6A91F /* Controllers */,
				22B7E6751AD7F2E000C6A91F /* Views */,
				22BA439F1AE6FDC900BFF762 /* Resources */,
				6003F594195388D20070C39A /* Supporting Files */,
			);
			path = "ALAccordion Example";
			sourceTree = "<group>";
		};
		6003F594195388D20070C39A /* Supporting Files */ = {
			isa = PBXGroup;
			children = (
				6003F595195388D20070C39A /* Info.plist */,
			);
			path = "Supporting Files";
			sourceTree = "<group>";
		};
		60FF7A9C1954A5C5007DD14C /* Podspec Metadata */ = {
			isa = PBXGroup;
			children = (
				D10922F640E1E6305135C247 /* ALAccordion.podspec */,
				730E48880C8AEA8184E6C07B /* README.md */,
				EE41EB9ABEC2255E63CBBE0B /* LICENSE */,
			);
			name = "Podspec Metadata";
			sourceTree = "<group>";
		};
		922EA32C0E190B844DDCCBD0 /* Pods */ = {
			isa = PBXGroup;
			children = (
				C1230D58B54EFBEC84AC6614 /* Pods-ALAccordion Example.debug.xcconfig */,
				AFC3854F584500447AB3F339 /* Pods-ALAccordion Example.release.xcconfig */,
				5D21DC7359A77B73D450E0C9 /* Pods-ALAccordion Tests.debug.xcconfig */,
				C20EB39164800EB28E2E50B3 /* Pods-ALAccordion Tests.release.xcconfig */,
				2F0C94D4F691ED9F7C9E7FD4 /* Pods.debug.xcconfig */,
				1A476FE4DCC69DC1499F0D31 /* Pods.release.xcconfig */,
			);
			name = Pods;
			sourceTree = "<group>";
		};
/* End PBXGroup section */

/* Begin PBXNativeTarget section */
		22295CBF1AED7F5D006883F4 /* ALAccordion Tests */ = {
			isa = PBXNativeTarget;
			buildConfigurationList = 22295CCA1AED7F5D006883F4 /* Build configuration list for PBXNativeTarget "ALAccordion Tests" */;
			buildPhases = (
				B479BEF9B1FF582115382438 /* Check Pods Manifest.lock */,
				22295CBC1AED7F5D006883F4 /* Sources */,
				22295CBD1AED7F5D006883F4 /* Frameworks */,
				22295CBE1AED7F5D006883F4 /* Resources */,
				54C28378030FC72B9B503485 /* Embed Pods Frameworks */,
				AD1A1B9BC692B2D85227FB5C /* Copy Pods Resources */,
			);
			buildRules = (
			);
			dependencies = (
				22295CC71AED7F5D006883F4 /* PBXTargetDependency */,
			);
			name = "ALAccordion Tests";
			productName = "ALAccordion Tests";
			productReference = 22295CC01AED7F5D006883F4 /* ALAccordion Tests.xctest */;
			productType = "com.apple.product-type.bundle.unit-test";
		};
		6003F589195388D20070C39A /* ALAccordion Example */ = {
			isa = PBXNativeTarget;
			buildConfigurationList = 6003F5BF195388D20070C39A /* Build configuration list for PBXNativeTarget "ALAccordion Example" */;
			buildPhases = (
				79D04D12D2C7F14C95902BA4 /* Check Pods Manifest.lock */,
				6003F586195388D20070C39A /* Sources */,
				6003F587195388D20070C39A /* Frameworks */,
				6003F588195388D20070C39A /* Resources */,
				4BE3908D814E9FADE244058D /* Copy Pods Resources */,
				A26FB379117E9389E70CD097 /* Embed Pods Frameworks */,
			);
			buildRules = (
			);
			dependencies = (
			);
			name = "ALAccordion Example";
			productName = "ios-accordion";
			productReference = 6003F58A195388D20070C39A /* ALAccordion Example.app */;
			productType = "com.apple.product-type.application";
		};
/* End PBXNativeTarget section */

/* Begin PBXProject section */
		6003F582195388D10070C39A /* Project object */ = {
			isa = PBXProject;
			attributes = {
				CLASSPREFIX = AL;
				LastSwiftMigration = 0700;
				LastSwiftUpdateCheck = 0700;
				LastUpgradeCheck = 0700;
				ORGANIZATIONNAME = "Alliants Ltd";
				TargetAttributes = {
					22295CBF1AED7F5D006883F4 = {
						CreatedOnToolsVersion = 6.3.1;
						TestTargetID = 6003F589195388D20070C39A;
					};
				};
			};
			buildConfigurationList = 6003F585195388D10070C39A /* Build configuration list for PBXProject "ALAccordion Example" */;
			compatibilityVersion = "Xcode 3.2";
			developmentRegion = English;
			hasScannedForEncodings = 0;
			knownRegions = (
				en,
			);
			mainGroup = 6003F581195388D10070C39A;
			productRefGroup = 6003F58B195388D20070C39A /* Products */;
			projectDirPath = "";
			projectRoot = "";
			targets = (
				6003F589195388D20070C39A /* ALAccordion Example */,
				22295CBF1AED7F5D006883F4 /* ALAccordion Tests */,
			);
		};
/* End PBXProject section */

/* Begin PBXResourcesBuildPhase section */
		22295CBE1AED7F5D006883F4 /* Resources */ = {
			isa = PBXResourcesBuildPhase;
			buildActionMask = 2147483647;
			files = (
			);
			runOnlyForDeploymentPostprocessing = 0;
		};
		6003F588195388D20070C39A /* Resources */ = {
			isa = PBXResourcesBuildPhase;
			buildActionMask = 2147483647;
			files = (
				2283B0271ADC0D40001DC8BD /* Main.storyboard in Resources */,
				6003F5A9195388D20070C39A /* Images.xcassets in Resources */,
				223B20981BA9A23F008FCF54 /* Launch.storyboard in Resources */,
			);
			runOnlyForDeploymentPostprocessing = 0;
		};
/* End PBXResourcesBuildPhase section */

/* Begin PBXShellScriptBuildPhase section */
		4BE3908D814E9FADE244058D /* Copy Pods Resources */ = {
			isa = PBXShellScriptBuildPhase;
			buildActionMask = 2147483647;
			files = (
			);
			inputPaths = (
			);
			name = "Copy Pods Resources";
			outputPaths = (
			);
			runOnlyForDeploymentPostprocessing = 0;
			shellPath = /bin/sh;
			shellScript = "\"${SRCROOT}/Pods/Target Support Files/Pods/Pods-resources.sh\"\n";
			showEnvVarsInLog = 0;
		};
		54C28378030FC72B9B503485 /* Embed Pods Frameworks */ = {
			isa = PBXShellScriptBuildPhase;
			buildActionMask = 2147483647;
			files = (
			);
			inputPaths = (
			);
			name = "Embed Pods Frameworks";
			outputPaths = (
			);
			runOnlyForDeploymentPostprocessing = 0;
			shellPath = /bin/sh;
			shellScript = "\"${SRCROOT}/Pods/Target Support Files/Pods-ALAccordion Tests/Pods-ALAccordion Tests-frameworks.sh\"\n";
			showEnvVarsInLog = 0;
		};
		79D04D12D2C7F14C95902BA4 /* Check Pods Manifest.lock */ = {
			isa = PBXShellScriptBuildPhase;
			buildActionMask = 2147483647;
			files = (
			);
			inputPaths = (
			);
			name = "Check Pods Manifest.lock";
			outputPaths = (
			);
			runOnlyForDeploymentPostprocessing = 0;
			shellPath = /bin/sh;
			shellScript = "diff \"${PODS_ROOT}/../Podfile.lock\" \"${PODS_ROOT}/Manifest.lock\" > /dev/null\nif [[ $? != 0 ]] ; then\n    cat << EOM\nerror: The sandbox is not in sync with the Podfile.lock. Run 'pod install' or update your CocoaPods installation.\nEOM\n    exit 1\nfi\n";
			showEnvVarsInLog = 0;
		};
		A26FB379117E9389E70CD097 /* Embed Pods Frameworks */ = {
			isa = PBXShellScriptBuildPhase;
			buildActionMask = 2147483647;
			files = (
			);
			inputPaths = (
			);
			name = "Embed Pods Frameworks";
			outputPaths = (
			);
			runOnlyForDeploymentPostprocessing = 0;
			shellPath = /bin/sh;
			shellScript = "\"${SRCROOT}/Pods/Target Support Files/Pods/Pods-frameworks.sh\"\n";
			showEnvVarsInLog = 0;
		};
		AD1A1B9BC692B2D85227FB5C /* Copy Pods Resources */ = {
			isa = PBXShellScriptBuildPhase;
			buildActionMask = 2147483647;
			files = (
			);
			inputPaths = (
			);
			name = "Copy Pods Resources";
			outputPaths = (
			);
			runOnlyForDeploymentPostprocessing = 0;
			shellPath = /bin/sh;
			shellScript = "\"${SRCROOT}/Pods/Target Support Files/Pods-ALAccordion Tests/Pods-ALAccordion Tests-resources.sh\"\n";
			showEnvVarsInLog = 0;
		};
		B479BEF9B1FF582115382438 /* Check Pods Manifest.lock */ = {
			isa = PBXShellScriptBuildPhase;
			buildActionMask = 2147483647;
			files = (
			);
			inputPaths = (
			);
			name = "Check Pods Manifest.lock";
			outputPaths = (
			);
			runOnlyForDeploymentPostprocessing = 0;
			shellPath = /bin/sh;
			shellScript = "diff \"${PODS_ROOT}/../Podfile.lock\" \"${PODS_ROOT}/Manifest.lock\" > /dev/null\nif [[ $? != 0 ]] ; then\n    cat << EOM\nerror: The sandbox is not in sync with the Podfile.lock. Run 'pod install' or update your CocoaPods installation.\nEOM\n    exit 1\nfi\n";
			showEnvVarsInLog = 0;
		};
/* End PBXShellScriptBuildPhase section */

/* Begin PBXSourcesBuildPhase section */
		22295CBC1AED7F5D006883F4 /* Sources */ = {
			isa = PBXSourcesBuildPhase;
			buildActionMask = 2147483647;
			files = (
				22891FA71AEE9B5E00CE420B /* ALAccordionControllerSpec.swift in Sources */,
				22295CCC1AEE2C8D006883F4 /* UIViewController+ALAccordionSpec.swift in Sources */,
				22295CD11AEE33A7006883F4 /* ALTestSectionViewController.swift in Sources */,
			);
			runOnlyForDeploymentPostprocessing = 0;
		};
		6003F586195388D20070C39A /* Sources */ = {
			isa = PBXSourcesBuildPhase;
			buildActionMask = 2147483647;
			files = (
				22DE7A7F1AE59B2E002DE938 /* ALThirdSectionTableViewController.swift in Sources */,
				22BA439E1AE6A7B400BFF762 /* ALDoubleLineHeaderView.swift in Sources */,
				22B7E6731AD7F26000C6A91F /* ALAppDelegate.swift in Sources */,
				22DE7A7D1AE58C62002DE938 /* ALSeparatorView.swift in Sources */,
				22605BB01AE2294800B716DE /* ALSingleLineHeaderView.swift in Sources */,
				22B7E6791AD7FF1600C6A91F /* ALSecondSectionViewController.swift in Sources */,
				22B7E6771AD7FEF400C6A91F /* ALHomeViewController.swift in Sources */,
				22605BB21AE2420100B716DE /* ALExpandingHeaderView.swift in Sources */,
				22B7E6711AD7F23400C6A91F /* ALFirstSectionViewController.swift in Sources */,
			);
			runOnlyForDeploymentPostprocessing = 0;
		};
/* End PBXSourcesBuildPhase section */

/* Begin PBXTargetDependency section */
		22295CC71AED7F5D006883F4 /* PBXTargetDependency */ = {
			isa = PBXTargetDependency;
			target = 6003F589195388D20070C39A /* ALAccordion Example */;
			targetProxy = 22295CC61AED7F5D006883F4 /* PBXContainerItemProxy */;
		};
/* End PBXTargetDependency section */

/* Begin XCBuildConfiguration section */
		22295CC81AED7F5D006883F4 /* Debug */ = {
			isa = XCBuildConfiguration;
			baseConfigurationReference = 5D21DC7359A77B73D450E0C9 /* Pods-ALAccordion Tests.debug.xcconfig */;
			buildSettings = {
				BUNDLE_LOADER = "$(TEST_HOST)";
				CLANG_ENABLE_MODULES = YES;
				CLANG_WARN_UNREACHABLE_CODE = YES;
				DEBUG_INFORMATION_FORMAT = "dwarf-with-dsym";
				ENABLE_STRICT_OBJC_MSGSEND = YES;
				GCC_NO_COMMON_BLOCKS = YES;
				GCC_PREPROCESSOR_DEFINITIONS = (
					"DEBUG=1",
					"$(inherited)",
				);
				INFOPLIST_FILE = "ALAccordion Tests/Info.plist";
				IPHONEOS_DEPLOYMENT_TARGET = 8.3;
				LD_RUNPATH_SEARCH_PATHS = "$(inherited)";
				MTL_ENABLE_DEBUG_INFO = YES;
				PRODUCT_BUNDLE_IDENTIFIER = "com.alliants.demo.$(PRODUCT_NAME:rfc1034identifier)";
				PRODUCT_NAME = "$(TARGET_NAME)";
				SWIFT_OPTIMIZATION_LEVEL = "-Onone";
				TEST_HOST = "$(BUILT_PRODUCTS_DIR)/ALAccordion Example.app/ALAccordion Example";
			};
			name = Debug;
		};
		22295CC91AED7F5D006883F4 /* Release */ = {
			isa = XCBuildConfiguration;
			baseConfigurationReference = C20EB39164800EB28E2E50B3 /* Pods-ALAccordion Tests.release.xcconfig */;
			buildSettings = {
				BUNDLE_LOADER = "$(TEST_HOST)";
				CLANG_ENABLE_MODULES = YES;
				CLANG_WARN_UNREACHABLE_CODE = YES;
				COPY_PHASE_STRIP = NO;
				DEBUG_INFORMATION_FORMAT = "dwarf-with-dsym";
				ENABLE_STRICT_OBJC_MSGSEND = YES;
				GCC_NO_COMMON_BLOCKS = YES;
				INFOPLIST_FILE = "ALAccordion Tests/Info.plist";
				IPHONEOS_DEPLOYMENT_TARGET = 8.3;
				LD_RUNPATH_SEARCH_PATHS = "$(inherited)";
				MTL_ENABLE_DEBUG_INFO = NO;
				PRODUCT_BUNDLE_IDENTIFIER = "com.alliants.demo.$(PRODUCT_NAME:rfc1034identifier)";
				PRODUCT_NAME = "$(TARGET_NAME)";
				TEST_HOST = "$(BUILT_PRODUCTS_DIR)/ALAccordion Example.app/ALAccordion Example";
			};
			name = Release;
		};
		6003F5BD195388D20070C39A /* Debug */ = {
			isa = XCBuildConfiguration;
			buildSettings = {
				ALWAYS_SEARCH_USER_PATHS = NO;
				CLANG_CXX_LANGUAGE_STANDARD = "gnu++0x";
				CLANG_CXX_LIBRARY = "libc++";
				CLANG_ENABLE_MODULES = YES;
				CLANG_ENABLE_OBJC_ARC = YES;
				CLANG_WARN_BOOL_CONVERSION = YES;
				CLANG_WARN_CONSTANT_CONVERSION = YES;
				CLANG_WARN_DIRECT_OBJC_ISA_USAGE = YES_ERROR;
				CLANG_WARN_EMPTY_BODY = YES;
				CLANG_WARN_ENUM_CONVERSION = YES;
				CLANG_WARN_INT_CONVERSION = YES;
				CLANG_WARN_OBJC_ROOT_CLASS = YES_ERROR;
				CLANG_WARN__DUPLICATE_METHOD_MATCH = YES;
				"CODE_SIGN_IDENTITY[sdk=iphoneos*]" = "iPhone Developer";
				COPY_PHASE_STRIP = NO;
				ENABLE_TESTABILITY = YES;
				GCC_C_LANGUAGE_STANDARD = gnu99;
				GCC_DYNAMIC_NO_PIC = NO;
				GCC_OPTIMIZATION_LEVEL = 0;
				GCC_PREPROCESSOR_DEFINITIONS = (
					"DEBUG=1",
					"$(inherited)",
				);
				GCC_SYMBOLS_PRIVATE_EXTERN = NO;
				GCC_WARN_64_TO_32_BIT_CONVERSION = YES;
				GCC_WARN_ABOUT_RETURN_TYPE = YES_ERROR;
				GCC_WARN_UNDECLARED_SELECTOR = YES;
				GCC_WARN_UNINITIALIZED_AUTOS = YES_AGGRESSIVE;
				GCC_WARN_UNUSED_FUNCTION = YES;
				GCC_WARN_UNUSED_VARIABLE = YES;
				IPHONEOS_DEPLOYMENT_TARGET = 8.0;
				ONLY_ACTIVE_ARCH = YES;
				SDKROOT = iphoneos;
				TARGETED_DEVICE_FAMILY = "1,2";
			};
			name = Debug;
		};
		6003F5BE195388D20070C39A /* Release */ = {
			isa = XCBuildConfiguration;
			buildSettings = {
				ALWAYS_SEARCH_USER_PATHS = NO;
				CLANG_CXX_LANGUAGE_STANDARD = "gnu++0x";
				CLANG_CXX_LIBRARY = "libc++";
				CLANG_ENABLE_MODULES = YES;
				CLANG_ENABLE_OBJC_ARC = YES;
				CLANG_WARN_BOOL_CONVERSION = YES;
				CLANG_WARN_CONSTANT_CONVERSION = YES;
				CLANG_WARN_DIRECT_OBJC_ISA_USAGE = YES_ERROR;
				CLANG_WARN_EMPTY_BODY = YES;
				CLANG_WARN_ENUM_CONVERSION = YES;
				CLANG_WARN_INT_CONVERSION = YES;
				CLANG_WARN_OBJC_ROOT_CLASS = YES_ERROR;
				CLANG_WARN__DUPLICATE_METHOD_MATCH = YES;
				"CODE_SIGN_IDENTITY[sdk=iphoneos*]" = "iPhone Developer";
				COPY_PHASE_STRIP = YES;
				ENABLE_NS_ASSERTIONS = NO;
				GCC_C_LANGUAGE_STANDARD = gnu99;
				GCC_WARN_64_TO_32_BIT_CONVERSION = YES;
				GCC_WARN_ABOUT_RETURN_TYPE = YES_ERROR;
				GCC_WARN_UNDECLARED_SELECTOR = YES;
				GCC_WARN_UNINITIALIZED_AUTOS = YES_AGGRESSIVE;
				GCC_WARN_UNUSED_FUNCTION = YES;
				GCC_WARN_UNUSED_VARIABLE = YES;
				IPHONEOS_DEPLOYMENT_TARGET = 8.0;
				SDKROOT = iphoneos;
				TARGETED_DEVICE_FAMILY = "1,2";
				VALIDATE_PRODUCT = YES;
			};
			name = Release;
		};
		6003F5C0195388D20070C39A /* Debug */ = {
			isa = XCBuildConfiguration;
			baseConfigurationReference = 2F0C94D4F691ED9F7C9E7FD4 /* Pods.debug.xcconfig */;
			buildSettings = {
				ASSETCATALOG_COMPILER_APPICON_NAME = AppIcon;
				ASSETCATALOG_COMPILER_LAUNCHIMAGE_NAME = LaunchImage;
				CLANG_ENABLE_MODULES = YES;
				EMBEDDED_CONTENT_CONTAINS_SWIFT = YES;
				GCC_NO_COMMON_BLOCKS = YES;
				GCC_PRECOMPILE_PREFIX_HEADER = NO;
				GCC_PREFIX_HEADER = "";
				INFOPLIST_FILE = "ALAccordion Example/Supporting Files/Info.plist";
				IPHONEOS_DEPLOYMENT_TARGET = 8.0;
				LD_RUNPATH_SEARCH_PATHS = "$(inherited)";
				PRODUCT_BUNDLE_IDENTIFIER = "com.alliants.demo.$(PRODUCT_NAME:rfc1034identifier)";
				PRODUCT_NAME = "ALAccordion Example";
				SWIFT_OPTIMIZATION_LEVEL = "-Onone";
				WRAPPER_EXTENSION = app;
			};
			name = Debug;
		};
		6003F5C1195388D20070C39A /* Release */ = {
			isa = XCBuildConfiguration;
			baseConfigurationReference = 1A476FE4DCC69DC1499F0D31 /* Pods.release.xcconfig */;
			buildSettings = {
				ASSETCATALOG_COMPILER_APPICON_NAME = AppIcon;
				ASSETCATALOG_COMPILER_LAUNCHIMAGE_NAME = LaunchImage;
				CLANG_ENABLE_MODULES = YES;
				EMBEDDED_CONTENT_CONTAINS_SWIFT = YES;
				GCC_NO_COMMON_BLOCKS = YES;
				GCC_PRECOMPILE_PREFIX_HEADER = NO;
				GCC_PREFIX_HEADER = "";
				INFOPLIST_FILE = "ALAccordion Example/Supporting Files/Info.plist";
				IPHONEOS_DEPLOYMENT_TARGET = 8.0;
				LD_RUNPATH_SEARCH_PATHS = "$(inherited)";
				PRODUCT_BUNDLE_IDENTIFIER = "com.alliants.demo.$(PRODUCT_NAME:rfc1034identifier)";
				PRODUCT_NAME = "ALAccordion Example";
				WRAPPER_EXTENSION = app;
			};
			name = Release;
		};
/* End XCBuildConfiguration section */

/* Begin XCConfigurationList section */
		22295CCA1AED7F5D006883F4 /* Build configuration list for PBXNativeTarget "ALAccordion Tests" */ = {
			isa = XCConfigurationList;
			buildConfigurations = (
				22295CC81AED7F5D006883F4 /* Debug */,
				22295CC91AED7F5D006883F4 /* Release */,
			);
			defaultConfigurationIsVisible = 0;
			defaultConfigurationName = Release;
		};
		6003F585195388D10070C39A /* Build configuration list for PBXProject "ALAccordion Example" */ = {
			isa = XCConfigurationList;
			buildConfigurations = (
				6003F5BD195388D20070C39A /* Debug */,
				6003F5BE195388D20070C39A /* Release */,
			);
			defaultConfigurationIsVisible = 0;
			defaultConfigurationName = Release;
		};
		6003F5BF195388D20070C39A /* Build configuration list for PBXNativeTarget "ALAccordion Example" */ = {
			isa = XCConfigurationList;
			buildConfigurations = (
				6003F5C0195388D20070C39A /* Debug */,
				6003F5C1195388D20070C39A /* Release */,
			);
			defaultConfigurationIsVisible = 0;
			defaultConfigurationName = Release;
		};
/* End XCConfigurationList section */
	};
	rootObject = 6003F582195388D10070C39A /* Project object */;
}
